
Microsoft Visual Studio Solution File, Format Version 11.00
# Visual Studio 2010
Project("{FAE04EC0-301F-11D3-BF4B-00C04F79EFBC}") = "SeleniumFirst", "SeleniumFirst\SeleniumFirst.csproj", "{3C0B584C-EB3E-4175-9A15-80A49BF4B07D}"
EndProject
Global
	GlobalSection(SolutionConfigurationPlatforms) = preSolution
		Debug|x86 = Debug|x86
		Release|x86 = Release|x86
	EndGlobalSection
	GlobalSection(ProjectConfigurationPlatforms) = postSolution
		{3C0B584C-EB3E-4175-9A15-80A49BF4B07D}.Debug|x86.ActiveCfg = Debug|x86
		{3C0B584C-EB3E-4175-9A15-80A49BF4B07D}.Debug|x86.Build.0 = Debug|x86
		{3C0B584C-EB3E-4175-9A15-80A49BF4B07D}.Release|x86.ActiveCfg = Release|x86
		{3C0B584C-EB3E-4175-9A15-80A49BF4B07D}.Release|x86.Build.0 = Release|x86
	EndGlobalSection
	GlobalSection(SolutionProperties) = preSolution
		HideSolutionNode = FALSE
	EndGlobalSection
EndGlobal
